
Microsoft Visual Studio Solution File, Format Version 12.00
# Visual Studio Version 17
VisualStudioVersion = 17.5.33516.290
MinimumVisualStudioVersion = 10.0.40219.1
Project("{FAE04EC0-301F-11D3-BF4B-00C04F79EFBC}") = "GorselProgAraSınav", "GorselProgAraSınav.csproj", "{7CC0D70D-75EA-4FD3-A5D6-B6441F9BEE3E}"
EndProject
Global
	GlobalSection(SolutionConfigurationPlatforms) = preSolution
		Debug|Any CPU = Debug|Any CPU
		Release|Any CPU = Release|Any CPU
	EndGlobalSection
	GlobalSection(ProjectConfigurationPlatforms) = postSolution
		{7CC0D70D-75EA-4FD3-A5D6-B6441F9BEE3E}.Debug|Any CPU.ActiveCfg = Debug|Any CPU
		{7CC0D70D-75EA-4FD3-A5D6-B6441F9BEE3E}.Debug|Any CPU.Build.0 = Debug|Any CPU
		{7CC0D70D-75EA-4FD3-A5D6-B6441F9BEE3E}.Release|Any CPU.ActiveCfg = Release|Any CPU
		{7CC0D70D-75EA-4FD3-A5D6-B6441F9BEE3E}.Release|Any CPU.Build.0 = Release|Any CPU
	EndGlobalSection
	GlobalSection(SolutionProperties) = preSolution
		HideSolutionNode = FALSE
	EndGlobalSection
	GlobalSection(ExtensibilityGlobals) = postSolution
		SolutionGuid = {79D7A8D0-7570-41D9-847B-DC008308063A}
	EndGlobalSection
EndGlobal
